
Microsoft Visual Studio Solution File, Format Version 11.00
# Visual Studio 2010
Project("{D2ABAB84-BF74-430A-B69E-9DC6D40DDA17}") = "SSAS_proj1", "SSAS_proj1\SSAS_proj1.dwproj", "{520A1640-BD5F-4170-8CD5-E409E58818FE}"
EndProject
Global
	GlobalSection(SolutionConfigurationPlatforms) = preSolution
		Development|Default = Development|Default
	EndGlobalSection
	GlobalSection(ProjectConfigurationPlatforms) = postSolution
		{520A1640-BD5F-4170-8CD5-E409E58818FE}.Development|Default.ActiveCfg = Development
		{520A1640-BD5F-4170-8CD5-E409E58818FE}.Development|Default.Build.0 = Development
		{520A1640-BD5F-4170-8CD5-E409E58818FE}.Development|Default.Deploy.0 = Development
	EndGlobalSection
	GlobalSection(SolutionProperties) = preSolution
		HideSolutionNode = FALSE
	EndGlobalSection
EndGlobal
